// !$*UTF8*$!
{
	archiveVersion = 1;
	classes = {
	};
	objectVersion = 56;
	objects = {

/* Begin PBXBuildFile section */
		C902D1772A7ADA2B00BFA324 /* RegistrationViewModel.swift in Sources */ = {isa = PBXBuildFile; fileRef = C902D1762A7ADA2B00BFA324 /* RegistrationViewModel.swift */; };
		C902D1792A7AE4BB00BFA324 /* LoginViewModel.swift in Sources */ = {isa = PBXBuildFile; fileRef = C902D1782A7AE4BB00BFA324 /* LoginViewModel.swift */; };
		C9060F832A6F6ACC00EF70F8 /* User.swift in Sources */ = {isa = PBXBuildFile; fileRef = C9060F822A6F6ACC00EF70F8 /* User.swift */; };
		C9060F852A6F74A400EF70F8 /* CurrentUserProfileView.swift in Sources */ = {isa = PBXBuildFile; fileRef = C9060F842A6F74A300EF70F8 /* CurrentUserProfileView.swift */; };
		C93A3D212A22D23A00E94C49 /* FeedView.swift in Sources */ = {isa = PBXBuildFile; fileRef = C93A3D202A22D23A00E94C49 /* FeedView.swift */; };
		C93A3D232A22D24800E94C49 /* FeedCell.swift in Sources */ = {isa = PBXBuildFile; fileRef = C93A3D222A22D24800E94C49 /* FeedCell.swift */; };
		C93A3D272A22D99F00E94C49 /* GreatVibes-Regular.ttf in Resources */ = {isa = PBXBuildFile; fileRef = C93A3D262A22D99F00E94C49 /* GreatVibes-Regular.ttf */; };
		C93A3D282A22D99F00E94C49 /* GreatVibes-Regular.ttf in Resources */ = {isa = PBXBuildFile; fileRef = C93A3D262A22D99F00E94C49 /* GreatVibes-Regular.ttf */; };
		C93A3D292A22D99F00E94C49 /* GreatVibes-Regular.ttf in Resources */ = {isa = PBXBuildFile; fileRef = C93A3D262A22D99F00E94C49 /* GreatVibes-Regular.ttf */; };
		C940C16E2A2E27B6005A7A99 /* LoginView.swift in Sources */ = {isa = PBXBuildFile; fileRef = C940C16D2A2E27B6005A7A99 /* LoginView.swift */; };
		C940C1702A2E2CFD005A7A99 /* AddEmailView.swift in Sources */ = {isa = PBXBuildFile; fileRef = C940C16F2A2E2CFD005A7A99 /* AddEmailView.swift */; };
		C940C1722A2E3099005A7A99 /* SGTextInputModifier.swift in Sources */ = {isa = PBXBuildFile; fileRef = C940C1712A2E3099005A7A99 /* SGTextInputModifier.swift */; };
		C9AD08E12A6F06C40045932C /* CreateUsernameView.swift in Sources */ = {isa = PBXBuildFile; fileRef = C9AD08E02A6F06C40045932C /* CreateUsernameView.swift */; };
		C9AD08E52A6F08C50045932C /* CreatePasswordView.swift in Sources */ = {isa = PBXBuildFile; fileRef = C9AD08E42A6F08C50045932C /* CreatePasswordView.swift */; };
		C9AD08E72A6F0ADD0045932C /* CompleteSignUp.swift in Sources */ = {isa = PBXBuildFile; fileRef = C9AD08E62A6F0ADD0045932C /* CompleteSignUp.swift */; };
		C9AD69C92A21A0BF00F727F2 /* SharegramApp.swift in Sources */ = {isa = PBXBuildFile; fileRef = C9AD69C82A21A0BF00F727F2 /* SharegramApp.swift */; };
		C9AD69CD2A21A0C100F727F2 /* Assets.xcassets in Resources */ = {isa = PBXBuildFile; fileRef = C9AD69CC2A21A0C100F727F2 /* Assets.xcassets */; };
		C9AD69D02A21A0C100F727F2 /* Preview Assets.xcassets in Resources */ = {isa = PBXBuildFile; fileRef = C9AD69CF2A21A0C100F727F2 /* Preview Assets.xcassets */; };
		C9AD69E02A21A0C100F727F2 /* SharegramTests.swift in Sources */ = {isa = PBXBuildFile; fileRef = C9AD69DF2A21A0C100F727F2 /* SharegramTests.swift */; };
		C9AD69EA2A21A0C100F727F2 /* SharegramUITests.swift in Sources */ = {isa = PBXBuildFile; fileRef = C9AD69E92A21A0C100F727F2 /* SharegramUITests.swift */; };
		C9AD69EC2A21A0C100F727F2 /* SharegramUITestsLaunchTests.swift in Sources */ = {isa = PBXBuildFile; fileRef = C9AD69EB2A21A0C100F727F2 /* SharegramUITestsLaunchTests.swift */; };
		C9AD6A052A21A44F00F727F2 /* MainTabView.swift in Sources */ = {isa = PBXBuildFile; fileRef = C9AD6A042A21A44F00F727F2 /* MainTabView.swift */; };
		C9AD6A072A21A84100F727F2 /* ProfileView.swift in Sources */ = {isa = PBXBuildFile; fileRef = C9AD6A062A21A84100F727F2 /* ProfileView.swift */; };
		C9AD6A0A2A21AD2200F727F2 /* UserStatView.swift in Sources */ = {isa = PBXBuildFile; fileRef = C9AD6A092A21AD2200F727F2 /* UserStatView.swift */; };
		C9C99E7A2A28377500B3572C /* SearchView.swift in Sources */ = {isa = PBXBuildFile; fileRef = C9C99E792A28377400B3572C /* SearchView.swift */; };
		C9D973122A79FEBF0013EB4A /* Post.swift in Sources */ = {isa = PBXBuildFile; fileRef = C9D973112A79FEBF0013EB4A /* Post.swift */; };
		C9D973142A7A06E50013EB4A /* PostGridView.swift in Sources */ = {isa = PBXBuildFile; fileRef = C9D973132A7A06E50013EB4A /* PostGridView.swift */; };
		C9D973162A7A08FF0013EB4A /* ProfileHeaderView.swift in Sources */ = {isa = PBXBuildFile; fileRef = C9D973152A7A08FF0013EB4A /* ProfileHeaderView.swift */; };
		C9D973182A7A0BF90013EB4A /* UploadPostView.swift in Sources */ = {isa = PBXBuildFile; fileRef = C9D973172A7A0BF90013EB4A /* UploadPostView.swift */; };
		C9D9731A2A7A0F160013EB4A /* UploadPostViewModel.swift in Sources */ = {isa = PBXBuildFile; fileRef = C9D973192A7A0F160013EB4A /* UploadPostViewModel.swift */; };
		C9D9731C2A7AAD2B0013EB4A /* GoogleService-Info.plist in Resources */ = {isa = PBXBuildFile; fileRef = C9D9731B2A7AAD2B0013EB4A /* GoogleService-Info.plist */; };
		C9D9731F2A7AAE240013EB4A /* FirebaseAuth in Frameworks */ = {isa = PBXBuildFile; productRef = C9D9731E2A7AAE240013EB4A /* FirebaseAuth */; };
		C9D973212A7AAE240013EB4A /* FirebaseFirestore in Frameworks */ = {isa = PBXBuildFile; productRef = C9D973202A7AAE240013EB4A /* FirebaseFirestore */; };
		C9D973232A7AAE240013EB4A /* FirebaseFirestoreSwift in Frameworks */ = {isa = PBXBuildFile; productRef = C9D973222A7AAE240013EB4A /* FirebaseFirestoreSwift */; };
		C9D973252A7AAE240013EB4A /* FirebaseStorage in Frameworks */ = {isa = PBXBuildFile; productRef = C9D973242A7AAE240013EB4A /* FirebaseStorage */; };
		C9D973292A7AB0210013EB4A /* AuthService.swift in Sources */ = {isa = PBXBuildFile; fileRef = C9D973282A7AB0210013EB4A /* AuthService.swift */; };
		C9D9732C2A7AB1F10013EB4A /* ContentView.swift in Sources */ = {isa = PBXBuildFile; fileRef = C9D9732B2A7AB1F10013EB4A /* ContentView.swift */; };
		C9D9732F2A7AB2480013EB4A /* ContentViewModel.swift in Sources */ = {isa = PBXBuildFile; fileRef = C9D9732E2A7AB2480013EB4A /* ContentViewModel.swift */; };
/* End PBXBuildFile section */

/* Begin PBXContainerItemProxy section */
		C9AD69DC2A21A0C100F727F2 /* PBXContainerItemProxy */ = {
			isa = PBXContainerItemProxy;
			containerPortal = C9AD69BD2A21A0BF00F727F2 /* Project object */;
			proxyType = 1;
			remoteGlobalIDString = C9AD69C42A21A0BF00F727F2;
			remoteInfo = Sharegram;
		};
		C9AD69E62A21A0C100F727F2 /* PBXContainerItemProxy */ = {
			isa = PBXContainerItemProxy;
			containerPortal = C9AD69BD2A21A0BF00F727F2 /* Project object */;
			proxyType = 1;
			remoteGlobalIDString = C9AD69C42A21A0BF00F727F2;
			remoteInfo = Sharegram;
		};
/* End PBXContainerItemProxy section */

/* Begin PBXFileReference section */
		C902D1762A7ADA2B00BFA324 /* RegistrationViewModel.swift */ = {isa = PBXFileReference; lastKnownFileType = sourcecode.swift; path = RegistrationViewModel.swift; sourceTree = "<group>"; };
		C902D1782A7AE4BB00BFA324 /* LoginViewModel.swift */ = {isa = PBXFileReference; lastKnownFileType = sourcecode.swift; path = LoginViewModel.swift; sourceTree = "<group>"; };
		C9060F822A6F6ACC00EF70F8 /* User.swift */ = {isa = PBXFileReference; lastKnownFileType = sourcecode.swift; path = User.swift; sourceTree = "<group>"; };
		C9060F842A6F74A300EF70F8 /* CurrentUserProfileView.swift */ = {isa = PBXFileReference; lastKnownFileType = sourcecode.swift; path = CurrentUserProfileView.swift; sourceTree = "<group>"; };
		C93A3D202A22D23A00E94C49 /* FeedView.swift */ = {isa = PBXFileReference; lastKnownFileType = sourcecode.swift; path = FeedView.swift; sourceTree = "<group>"; };
		C93A3D222A22D24800E94C49 /* FeedCell.swift */ = {isa = PBXFileReference; lastKnownFileType = sourcecode.swift; path = FeedCell.swift; sourceTree = "<group>"; };
		C93A3D262A22D99F00E94C49 /* GreatVibes-Regular.ttf */ = {isa = PBXFileReference; lastKnownFileType = file; path = "GreatVibes-Regular.ttf"; sourceTree = "<group>"; };
		C93A3D2A2A22D9C300E94C49 /* Info.plist */ = {isa = PBXFileReference; lastKnownFileType = text.plist; path = Info.plist; sourceTree = "<group>"; };
		C940C16D2A2E27B6005A7A99 /* LoginView.swift */ = {isa = PBXFileReference; lastKnownFileType = sourcecode.swift; path = LoginView.swift; sourceTree = "<group>"; };
		C940C16F2A2E2CFD005A7A99 /* AddEmailView.swift */ = {isa = PBXFileReference; lastKnownFileType = sourcecode.swift; path = AddEmailView.swift; sourceTree = "<group>"; };
		C940C1712A2E3099005A7A99 /* SGTextInputModifier.swift */ = {isa = PBXFileReference; lastKnownFileType = sourcecode.swift; path = SGTextInputModifier.swift; sourceTree = "<group>"; };
		C9AD08E02A6F06C40045932C /* CreateUsernameView.swift */ = {isa = PBXFileReference; lastKnownFileType = sourcecode.swift; path = CreateUsernameView.swift; sourceTree = "<group>"; };
		C9AD08E42A6F08C50045932C /* CreatePasswordView.swift */ = {isa = PBXFileReference; lastKnownFileType = sourcecode.swift; path = CreatePasswordView.swift; sourceTree = "<group>"; };
		C9AD08E62A6F0ADD0045932C /* CompleteSignUp.swift */ = {isa = PBXFileReference; lastKnownFileType = sourcecode.swift; path = CompleteSignUp.swift; sourceTree = "<group>"; };
		C9AD69C52A21A0BF00F727F2 /* Sharegram.app */ = {isa = PBXFileReference; explicitFileType = wrapper.application; includeInIndex = 0; path = Sharegram.app; sourceTree = BUILT_PRODUCTS_DIR; };
		C9AD69C82A21A0BF00F727F2 /* SharegramApp.swift */ = {isa = PBXFileReference; lastKnownFileType = sourcecode.swift; path = SharegramApp.swift; sourceTree = "<group>"; };
		C9AD69CC2A21A0C100F727F2 /* Assets.xcassets */ = {isa = PBXFileReference; lastKnownFileType = folder.assetcatalog; path = Assets.xcassets; sourceTree = "<group>"; };
		C9AD69CF2A21A0C100F727F2 /* Preview Assets.xcassets */ = {isa = PBXFileReference; lastKnownFileType = folder.assetcatalog; path = "Preview Assets.xcassets"; sourceTree = "<group>"; };
		C9AD69DB2A21A0C100F727F2 /* SharegramTests.xctest */ = {isa = PBXFileReference; explicitFileType = wrapper.cfbundle; includeInIndex = 0; path = SharegramTests.xctest; sourceTree = BUILT_PRODUCTS_DIR; };
		C9AD69DF2A21A0C100F727F2 /* SharegramTests.swift */ = {isa = PBXFileReference; lastKnownFileType = sourcecode.swift; path = SharegramTests.swift; sourceTree = "<group>"; };
		C9AD69E52A21A0C100F727F2 /* SharegramUITests.xctest */ = {isa = PBXFileReference; explicitFileType = wrapper.cfbundle; includeInIndex = 0; path = SharegramUITests.xctest; sourceTree = BUILT_PRODUCTS_DIR; };
		C9AD69E92A21A0C100F727F2 /* SharegramUITests.swift */ = {isa = PBXFileReference; lastKnownFileType = sourcecode.swift; path = SharegramUITests.swift; sourceTree = "<group>"; };
		C9AD69EB2A21A0C100F727F2 /* SharegramUITestsLaunchTests.swift */ = {isa = PBXFileReference; lastKnownFileType = sourcecode.swift; path = SharegramUITestsLaunchTests.swift; sourceTree = "<group>"; };
		C9AD6A042A21A44F00F727F2 /* MainTabView.swift */ = {isa = PBXFileReference; lastKnownFileType = sourcecode.swift; path = MainTabView.swift; sourceTree = "<group>"; };
		C9AD6A062A21A84100F727F2 /* ProfileView.swift */ = {isa = PBXFileReference; lastKnownFileType = sourcecode.swift; path = ProfileView.swift; sourceTree = "<group>"; };
		C9AD6A092A21AD2200F727F2 /* UserStatView.swift */ = {isa = PBXFileReference; lastKnownFileType = sourcecode.swift; path = UserStatView.swift; sourceTree = "<group>"; };
		C9C99E792A28377400B3572C /* SearchView.swift */ = {isa = PBXFileReference; lastKnownFileType = sourcecode.swift; path = SearchView.swift; sourceTree = "<group>"; };
		C9D973112A79FEBF0013EB4A /* Post.swift */ = {isa = PBXFileReference; lastKnownFileType = sourcecode.swift; path = Post.swift; sourceTree = "<group>"; };
		C9D973132A7A06E50013EB4A /* PostGridView.swift */ = {isa = PBXFileReference; lastKnownFileType = sourcecode.swift; path = PostGridView.swift; sourceTree = "<group>"; };
		C9D973152A7A08FF0013EB4A /* ProfileHeaderView.swift */ = {isa = PBXFileReference; lastKnownFileType = sourcecode.swift; path = ProfileHeaderView.swift; sourceTree = "<group>"; };
		C9D973172A7A0BF90013EB4A /* UploadPostView.swift */ = {isa = PBXFileReference; lastKnownFileType = sourcecode.swift; path = UploadPostView.swift; sourceTree = "<group>"; };
		C9D973192A7A0F160013EB4A /* UploadPostViewModel.swift */ = {isa = PBXFileReference; lastKnownFileType = sourcecode.swift; path = UploadPostViewModel.swift; sourceTree = "<group>"; };
		C9D9731B2A7AAD2B0013EB4A /* GoogleService-Info.plist */ = {isa = PBXFileReference; lastKnownFileType = text.plist; path = "GoogleService-Info.plist"; sourceTree = SOURCE_ROOT; };
		C9D973282A7AB0210013EB4A /* AuthService.swift */ = {isa = PBXFileReference; lastKnownFileType = sourcecode.swift; path = AuthService.swift; sourceTree = "<group>"; };
		C9D9732B2A7AB1F10013EB4A /* ContentView.swift */ = {isa = PBXFileReference; lastKnownFileType = sourcecode.swift; path = ContentView.swift; sourceTree = "<group>"; };
		C9D9732E2A7AB2480013EB4A /* ContentViewModel.swift */ = {isa = PBXFileReference; lastKnownFileType = sourcecode.swift; path = ContentViewModel.swift; sourceTree = "<group>"; };
/* End PBXFileReference section */

/* Begin PBXFrameworksBuildPhase section */
		C9AD69C22A21A0BF00F727F2 /* Frameworks */ = {
			isa = PBXFrameworksBuildPhase;
			buildActionMask = 2147483647;
			files = (
				C9D9731F2A7AAE240013EB4A /* FirebaseAuth in Frameworks */,
				C9D973252A7AAE240013EB4A /* FirebaseStorage in Frameworks */,
				C9D973212A7AAE240013EB4A /* FirebaseFirestore in Frameworks */,
				C9D973232A7AAE240013EB4A /* FirebaseFirestoreSwift in Frameworks */,
			);
			runOnlyForDeploymentPostprocessing = 0;
		};
		C9AD69D82A21A0C100F727F2 /* Frameworks */ = {
			isa = PBXFrameworksBuildPhase;
			buildActionMask = 2147483647;
			files = (
			);
			runOnlyForDeploymentPostprocessing = 0;
		};
		C9AD69E22A21A0C100F727F2 /* Frameworks */ = {
			isa = PBXFrameworksBuildPhase;
			buildActionMask = 2147483647;
			files = (
			);
			runOnlyForDeploymentPostprocessing = 0;
		};
/* End PBXFrameworksBuildPhase section */

/* Begin PBXGroup section */
		C902D1752A7AD9FE00BFA324 /* ViewModel */ = {
			isa = PBXGroup;
			children = (
				C902D1762A7ADA2B00BFA324 /* RegistrationViewModel.swift */,
				C902D1782A7AE4BB00BFA324 /* LoginViewModel.swift */,
			);
			path = ViewModel;
			sourceTree = "<group>";
		};
		C9AD69BC2A21A0BF00F727F2 = {
			isa = PBXGroup;
			children = (
				C9AD69C72A21A0BF00F727F2 /* Sharegram */,
				C9AD69DE2A21A0C100F727F2 /* SharegramTests */,
				C9AD69E82A21A0C100F727F2 /* SharegramUITests */,
				C9AD69C62A21A0BF00F727F2 /* Products */,
			);
			sourceTree = "<group>";
		};
		C9AD69C62A21A0BF00F727F2 /* Products */ = {
			isa = PBXGroup;
			children = (
				C9AD69C52A21A0BF00F727F2 /* Sharegram.app */,
				C9AD69DB2A21A0C100F727F2 /* SharegramTests.xctest */,
				C9AD69E52A21A0C100F727F2 /* SharegramUITests.xctest */,
			);
			name = Products;
			sourceTree = "<group>";
		};
		C9AD69C72A21A0BF00F727F2 /* Sharegram */ = {
			isa = PBXGroup;
			children = (
				C93A3D2A2A22D9C300E94C49 /* Info.plist */,
				C9AD69FC2A21A33D00F727F2 /* Core */,
				C9AD69FB2A21A33B00F727F2 /* Extensions */,
				C9AD69FA2A21A33600F727F2 /* Model */,
				C9AD69F92A21A33400F727F2 /* Services */,
				C9AD69F82A21A33000F727F2 /* App */,
				C9AD69CC2A21A0C100F727F2 /* Assets.xcassets */,
				C9D9731B2A7AAD2B0013EB4A /* GoogleService-Info.plist */,
				C9AD69CE2A21A0C100F727F2 /* Preview Content */,
			);
			path = Sharegram;
			sourceTree = "<group>";
		};
		C9AD69CE2A21A0C100F727F2 /* Preview Content */ = {
			isa = PBXGroup;
			children = (
				C9AD69CF2A21A0C100F727F2 /* Preview Assets.xcassets */,
			);
			path = "Preview Content";
			sourceTree = "<group>";
		};
		C9AD69DE2A21A0C100F727F2 /* SharegramTests */ = {
			isa = PBXGroup;
			children = (
				C9AD69DF2A21A0C100F727F2 /* SharegramTests.swift */,
			);
			path = SharegramTests;
			sourceTree = "<group>";
		};
		C9AD69E82A21A0C100F727F2 /* SharegramUITests */ = {
			isa = PBXGroup;
			children = (
				C9AD69E92A21A0C100F727F2 /* SharegramUITests.swift */,
				C9AD69EB2A21A0C100F727F2 /* SharegramUITestsLaunchTests.swift */,
			);
			path = SharegramUITests;
			sourceTree = "<group>";
		};
		C9AD69F82A21A33000F727F2 /* App */ = {
			isa = PBXGroup;
			children = (
				C9AD69C82A21A0BF00F727F2 /* SharegramApp.swift */,
			);
			path = App;
			sourceTree = "<group>";
		};
		C9AD69F92A21A33400F727F2 /* Services */ = {
			isa = PBXGroup;
			children = (
			);
			path = Services;
			sourceTree = "<group>";
		};
		C9AD69FA2A21A33600F727F2 /* Model */ = {
			isa = PBXGroup;
			children = (
				C9060F822A6F6ACC00EF70F8 /* User.swift */,
				C9D973112A79FEBF0013EB4A /* Post.swift */,
			);
			path = Model;
			sourceTree = "<group>";
		};
		C9AD69FB2A21A33B00F727F2 /* Extensions */ = {
			isa = PBXGroup;
			children = (
				C93A3D262A22D99F00E94C49 /* GreatVibes-Regular.ttf */,
			);
			path = Extensions;
			sourceTree = "<group>";
		};
		C9AD69FC2A21A33D00F727F2 /* Core */ = {
			isa = PBXGroup;
			children = (
				C9AD6A082A21AD0B00F727F2 /* Components */,
				C9AD69FD2A21A37300F727F2 /* Authentication */,
				C9AD69FE2A21A38100F727F2 /* Feed */,
				C9AD69FF2A21A38900F727F2 /* Profile */,
				C9AD6A002A21A38F00F727F2 /* Root */,
				C9AD6A012A21A39A00F727F2 /* Search */,
				C9AD6A022A21A3AD00F727F2 /* TabBar */,
				C9AD6A032A21A3BA00F727F2 /* UploadPost */,
			);
			path = Core;
			sourceTree = "<group>";
		};
		C9AD69FD2A21A37300F727F2 /* Authentication */ = {
			isa = PBXGroup;
			children = (
				C902D1752A7AD9FE00BFA324 /* ViewModel */,
				C9D973272A7AB0050013EB4A /* Service */,
				C9D973262A7AAFF10013EB4A /* View */,
			);
			path = Authentication;
			sourceTree = "<group>";
		};
		C9AD69FE2A21A38100F727F2 /* Feed */ = {
			isa = PBXGroup;
			children = (
				C93A3D202A22D23A00E94C49 /* FeedView.swift */,
				C93A3D222A22D24800E94C49 /* FeedCell.swift */,
			);
			path = Feed;
			sourceTree = "<group>";
		};
		C9AD69FF2A21A38900F727F2 /* Profile */ = {
			isa = PBXGroup;
			children = (
				C9AD6A062A21A84100F727F2 /* ProfileView.swift */,
				C9060F842A6F74A300EF70F8 /* CurrentUserProfileView.swift */,
				C9D973152A7A08FF0013EB4A /* ProfileHeaderView.swift */,
			);
			path = Profile;
			sourceTree = "<group>";
		};
		C9AD6A002A21A38F00F727F2 /* Root */ = {
			isa = PBXGroup;
			children = (
				C9D9732D2A7AB2300013EB4A /* ViewModel */,
				C9D9732A2A7AB1E30013EB4A /* View */,
			);
			path = Root;
			sourceTree = "<group>";
		};
		C9AD6A012A21A39A00F727F2 /* Search */ = {
			isa = PBXGroup;
			children = (
				C9C99E792A28377400B3572C /* SearchView.swift */,
			);
			path = Search;
			sourceTree = "<group>";
		};
		C9AD6A022A21A3AD00F727F2 /* TabBar */ = {
			isa = PBXGroup;
			children = (
				C9AD6A042A21A44F00F727F2 /* MainTabView.swift */,
			);
			path = TabBar;
			sourceTree = "<group>";
		};
		C9AD6A032A21A3BA00F727F2 /* UploadPost */ = {
			isa = PBXGroup;
			children = (
				C9D973172A7A0BF90013EB4A /* UploadPostView.swift */,
				C9D973192A7A0F160013EB4A /* UploadPostViewModel.swift */,
			);
			path = UploadPost;
			sourceTree = "<group>";
		};
		C9AD6A082A21AD0B00F727F2 /* Components */ = {
			isa = PBXGroup;
			children = (
				C9AD6A092A21AD2200F727F2 /* UserStatView.swift */,
				C940C1712A2E3099005A7A99 /* SGTextInputModifier.swift */,
				C9D973132A7A06E50013EB4A /* PostGridView.swift */,
			);
			path = Components;
			sourceTree = "<group>";
		};
		C9D973262A7AAFF10013EB4A /* View */ = {
			isa = PBXGroup;
			children = (
				C940C16D2A2E27B6005A7A99 /* LoginView.swift */,
				C940C16F2A2E2CFD005A7A99 /* AddEmailView.swift */,
				C9AD08E02A6F06C40045932C /* CreateUsernameView.swift */,
				C9AD08E42A6F08C50045932C /* CreatePasswordView.swift */,
				C9AD08E62A6F0ADD0045932C /* CompleteSignUp.swift */,
			);
			path = View;
			sourceTree = "<group>";
		};
		C9D973272A7AB0050013EB4A /* Service */ = {
			isa = PBXGroup;
			children = (
				C9D973282A7AB0210013EB4A /* AuthService.swift */,
			);
			path = Service;
			sourceTree = "<group>";
		};
		C9D9732A2A7AB1E30013EB4A /* View */ = {
			isa = PBXGroup;
			children = (
				C9D9732B2A7AB1F10013EB4A /* ContentView.swift */,
			);
			path = View;
			sourceTree = "<group>";
		};
		C9D9732D2A7AB2300013EB4A /* ViewModel */ = {
			isa = PBXGroup;
			children = (
				C9D9732E2A7AB2480013EB4A /* ContentViewModel.swift */,
			);
			path = ViewModel;
			sourceTree = "<group>";
		};
/* End PBXGroup section */

/* Begin PBXNativeTarget section */
		C9AD69C42A21A0BF00F727F2 /* Sharegram */ = {
			isa = PBXNativeTarget;
			buildConfigurationList = C9AD69EF2A21A0C100F727F2 /* Build configuration list for PBXNativeTarget "Sharegram" */;
			buildPhases = (
				C9AD69C12A21A0BF00F727F2 /* Sources */,
				C9AD69C22A21A0BF00F727F2 /* Frameworks */,
				C9AD69C32A21A0BF00F727F2 /* Resources */,
			);
			buildRules = (
			);
			dependencies = (
			);
			name = Sharegram;
			packageProductDependencies = (
				C9D9731E2A7AAE240013EB4A /* FirebaseAuth */,
				C9D973202A7AAE240013EB4A /* FirebaseFirestore */,
				C9D973222A7AAE240013EB4A /* FirebaseFirestoreSwift */,
				C9D973242A7AAE240013EB4A /* FirebaseStorage */,
			);
			productName = Sharegram;
			productReference = C9AD69C52A21A0BF00F727F2 /* Sharegram.app */;
			productType = "com.apple.product-type.application";
		};
		C9AD69DA2A21A0C100F727F2 /* SharegramTests */ = {
			isa = PBXNativeTarget;
			buildConfigurationList = C9AD69F22A21A0C100F727F2 /* Build configuration list for PBXNativeTarget "SharegramTests" */;
			buildPhases = (
				C9AD69D72A21A0C100F727F2 /* Sources */,
				C9AD69D82A21A0C100F727F2 /* Frameworks */,
				C9AD69D92A21A0C100F727F2 /* Resources */,
			);
			buildRules = (
			);
			dependencies = (
				C9AD69DD2A21A0C100F727F2 /* PBXTargetDependency */,
			);
			name = SharegramTests;
			productName = SharegramTests;
			productReference = C9AD69DB2A21A0C100F727F2 /* SharegramTests.xctest */;
			productType = "com.apple.product-type.bundle.unit-test";
		};
		C9AD69E42A21A0C100F727F2 /* SharegramUITests */ = {
			isa = PBXNativeTarget;
			buildConfigurationList = C9AD69F52A21A0C100F727F2 /* Build configuration list for PBXNativeTarget "SharegramUITests" */;
			buildPhases = (
				C9AD69E12A21A0C100F727F2 /* Sources */,
				C9AD69E22A21A0C100F727F2 /* Frameworks */,
				C9AD69E32A21A0C100F727F2 /* Resources */,
			);
			buildRules = (
			);
			dependencies = (
				C9AD69E72A21A0C100F727F2 /* PBXTargetDependency */,
			);
			name = SharegramUITests;
			productName = SharegramUITests;
			productReference = C9AD69E52A21A0C100F727F2 /* SharegramUITests.xctest */;
			productType = "com.apple.product-type.bundle.ui-testing";
		};
/* End PBXNativeTarget section */

/* Begin PBXProject section */
		C9AD69BD2A21A0BF00F727F2 /* Project object */ = {
			isa = PBXProject;
			attributes = {
				BuildIndependentTargetsInParallel = 1;
				LastSwiftUpdateCheck = 1430;
				LastUpgradeCheck = 1430;
				TargetAttributes = {
					C9AD69C42A21A0BF00F727F2 = {
						CreatedOnToolsVersion = 14.3;
					};
					C9AD69DA2A21A0C100F727F2 = {
						CreatedOnToolsVersion = 14.3;
						TestTargetID = C9AD69C42A21A0BF00F727F2;
					};
					C9AD69E42A21A0C100F727F2 = {
						CreatedOnToolsVersion = 14.3;
						TestTargetID = C9AD69C42A21A0BF00F727F2;
					};
				};
			};
			buildConfigurationList = C9AD69C02A21A0BF00F727F2 /* Build configuration list for PBXProject "Sharegram" */;
			compatibilityVersion = "Xcode 14.0";
			developmentRegion = en;
			hasScannedForEncodings = 0;
			knownRegions = (
				en,
				Base,
			);
			mainGroup = C9AD69BC2A21A0BF00F727F2;
			packageReferences = (
				C9D9731D2A7AAE240013EB4A /* XCRemoteSwiftPackageReference "firebase-ios-sdk" */,
			);
			productRefGroup = C9AD69C62A21A0BF00F727F2 /* Products */;
			projectDirPath = "";
			projectRoot = "";
			targets = (
				C9AD69C42A21A0BF00F727F2 /* Sharegram */,
				C9AD69DA2A21A0C100F727F2 /* SharegramTests */,
				C9AD69E42A21A0C100F727F2 /* SharegramUITests */,
			);
		};
/* End PBXProject section */

/* Begin PBXResourcesBuildPhase section */
		C9AD69C32A21A0BF00F727F2 /* Resources */ = {
			isa = PBXResourcesBuildPhase;
			buildActionMask = 2147483647;
			files = (
				C9AD69D02A21A0C100F727F2 /* Preview Assets.xcassets in Resources */,
				C9D9731C2A7AAD2B0013EB4A /* GoogleService-Info.plist in Resources */,
				C9AD69CD2A21A0C100F727F2 /* Assets.xcassets in Resources */,
				C93A3D272A22D99F00E94C49 /* GreatVibes-Regular.ttf in Resources */,
			);
			runOnlyForDeploymentPostprocessing = 0;
		};
		C9AD69D92A21A0C100F727F2 /* Resources */ = {
			isa = PBXResourcesBuildPhase;
			buildActionMask = 2147483647;
			files = (
				C93A3D282A22D99F00E94C49 /* GreatVibes-Regular.ttf in Resources */,
			);
			runOnlyForDeploymentPostprocessing = 0;
		};
		C9AD69E32A21A0C100F727F2 /* Resources */ = {
			isa = PBXResourcesBuildPhase;
			buildActionMask = 2147483647;
			files = (
				C93A3D292A22D99F00E94C49 /* GreatVibes-Regular.ttf in Resources */,
			);
			runOnlyForDeploymentPostprocessing = 0;
		};
/* End PBXResourcesBuildPhase section */

/* Begin PBXSourcesBuildPhase section */
		C9AD69C12A21A0BF00F727F2 /* Sources */ = {
			isa = PBXSourcesBuildPhase;
			buildActionMask = 2147483647;
			files = (
				C9AD08E12A6F06C40045932C /* CreateUsernameView.swift in Sources */,
				C9D973292A7AB0210013EB4A /* AuthService.swift in Sources */,
				C93A3D232A22D24800E94C49 /* FeedCell.swift in Sources */,
				C9060F852A6F74A400EF70F8 /* CurrentUserProfileView.swift in Sources */,
				C9AD08E72A6F0ADD0045932C /* CompleteSignUp.swift in Sources */,
				C9C99E7A2A28377500B3572C /* SearchView.swift in Sources */,
				C9AD6A072A21A84100F727F2 /* ProfileView.swift in Sources */,
				C9AD69C92A21A0BF00F727F2 /* SharegramApp.swift in Sources */,
				C9060F832A6F6ACC00EF70F8 /* User.swift in Sources */,
				C940C1722A2E3099005A7A99 /* SGTextInputModifier.swift in Sources */,
				C9D973182A7A0BF90013EB4A /* UploadPostView.swift in Sources */,
				C9AD6A0A2A21AD2200F727F2 /* UserStatView.swift in Sources */,
				C9D9732F2A7AB2480013EB4A /* ContentViewModel.swift in Sources */,
				C902D1792A7AE4BB00BFA324 /* LoginViewModel.swift in Sources */,
				C902D1772A7ADA2B00BFA324 /* RegistrationViewModel.swift in Sources */,
				C9D9732C2A7AB1F10013EB4A /* ContentView.swift in Sources */,
				C93A3D212A22D23A00E94C49 /* FeedView.swift in Sources */,
				C9D973122A79FEBF0013EB4A /* Post.swift in Sources */,
				C940C1702A2E2CFD005A7A99 /* AddEmailView.swift in Sources */,
				C9D973162A7A08FF0013EB4A /* ProfileHeaderView.swift in Sources */,
				C9AD08E52A6F08C50045932C /* CreatePasswordView.swift in Sources */,
				C940C16E2A2E27B6005A7A99 /* LoginView.swift in Sources */,
				C9AD6A052A21A44F00F727F2 /* MainTabView.swift in Sources */,
				C9D973142A7A06E50013EB4A /* PostGridView.swift in Sources */,
				C9D9731A2A7A0F160013EB4A /* UploadPostViewModel.swift in Sources */,
			);
			runOnlyForDeploymentPostprocessing = 0;
		};
		C9AD69D72A21A0C100F727F2 /* Sources */ = {
			isa = PBXSourcesBuildPhase;
			buildActionMask = 2147483647;
			files = (
				C9AD69E02A21A0C100F727F2 /* SharegramTests.swift in Sources */,
			);
			runOnlyForDeploymentPostprocessing = 0;
		};
		C9AD69E12A21A0C100F727F2 /* Sources */ = {
			isa = PBXSourcesBuildPhase;
			buildActionMask = 2147483647;
			files = (
				C9AD69EA2A21A0C100F727F2 /* SharegramUITests.swift in Sources */,
				C9AD69EC2A21A0C100F727F2 /* SharegramUITestsLaunchTests.swift in Sources */,
			);
			runOnlyForDeploymentPostprocessing = 0;
		};
/* End PBXSourcesBuildPhase section */

/* Begin PBXTargetDependency section */
		C9AD69DD2A21A0C100F727F2 /* PBXTargetDependency */ = {
			isa = PBXTargetDependency;
			target = C9AD69C42A21A0BF00F727F2 /* Sharegram */;
			targetProxy = C9AD69DC2A21A0C100F727F2 /* PBXContainerItemProxy */;
		};
		C9AD69E72A21A0C100F727F2 /* PBXTargetDependency */ = {
			isa = PBXTargetDependency;
			target = C9AD69C42A21A0BF00F727F2 /* Sharegram */;
			targetProxy = C9AD69E62A21A0C100F727F2 /* PBXContainerItemProxy */;
		};
/* End PBXTargetDependency section */

/* Begin XCBuildConfiguration section */
		C9AD69ED2A21A0C100F727F2 /* Debug */ = {
			isa = XCBuildConfiguration;
			buildSettings = {
				ALWAYS_SEARCH_USER_PATHS = NO;
				CLANG_ANALYZER_NONNULL = YES;
				CLANG_ANALYZER_NUMBER_OBJECT_CONVERSION = YES_AGGRESSIVE;
				CLANG_CXX_LANGUAGE_STANDARD = "gnu++20";
				CLANG_ENABLE_MODULES = YES;
				CLANG_ENABLE_OBJC_ARC = YES;
				CLANG_ENABLE_OBJC_WEAK = YES;
				CLANG_WARN_BLOCK_CAPTURE_AUTORELEASING = YES;
				CLANG_WARN_BOOL_CONVERSION = YES;
				CLANG_WARN_COMMA = YES;
				CLANG_WARN_CONSTANT_CONVERSION = YES;
				CLANG_WARN_DEPRECATED_OBJC_IMPLEMENTATIONS = YES;
				CLANG_WARN_DIRECT_OBJC_ISA_USAGE = YES_ERROR;
				CLANG_WARN_DOCUMENTATION_COMMENTS = YES;
				CLANG_WARN_EMPTY_BODY = YES;
				CLANG_WARN_ENUM_CONVERSION = YES;
				CLANG_WARN_INFINITE_RECURSION = YES;
				CLANG_WARN_INT_CONVERSION = YES;
				CLANG_WARN_NON_LITERAL_NULL_CONVERSION = YES;
				CLANG_WARN_OBJC_IMPLICIT_RETAIN_SELF = YES;
				CLANG_WARN_OBJC_LITERAL_CONVERSION = YES;
				CLANG_WARN_OBJC_ROOT_CLASS = YES_ERROR;
				CLANG_WARN_QUOTED_INCLUDE_IN_FRAMEWORK_HEADER = YES;
				CLANG_WARN_RANGE_LOOP_ANALYSIS = YES;
				CLANG_WARN_STRICT_PROTOTYPES = YES;
				CLANG_WARN_SUSPICIOUS_MOVE = YES;
				CLANG_WARN_UNGUARDED_AVAILABILITY = YES_AGGRESSIVE;
				CLANG_WARN_UNREACHABLE_CODE = YES;
				CLANG_WARN__DUPLICATE_METHOD_MATCH = YES;
				COPY_PHASE_STRIP = NO;
				DEBUG_INFORMATION_FORMAT = dwarf;
				ENABLE_STRICT_OBJC_MSGSEND = YES;
				ENABLE_TESTABILITY = YES;
				GCC_C_LANGUAGE_STANDARD = gnu11;
				GCC_DYNAMIC_NO_PIC = NO;
				GCC_NO_COMMON_BLOCKS = YES;
				GCC_OPTIMIZATION_LEVEL = 0;
				GCC_PREPROCESSOR_DEFINITIONS = (
					"DEBUG=1",
					"$(inherited)",
				);
				GCC_WARN_64_TO_32_BIT_CONVERSION = YES;
				GCC_WARN_ABOUT_RETURN_TYPE = YES_ERROR;
				GCC_WARN_UNDECLARED_SELECTOR = YES;
				GCC_WARN_UNINITIALIZED_AUTOS = YES_AGGRESSIVE;
				GCC_WARN_UNUSED_FUNCTION = YES;
				GCC_WARN_UNUSED_VARIABLE = YES;
				IPHONEOS_DEPLOYMENT_TARGET = 16.0;
				MTL_ENABLE_DEBUG_INFO = INCLUDE_SOURCE;
				MTL_FAST_MATH = YES;
				ONLY_ACTIVE_ARCH = YES;
				SDKROOT = iphoneos;
				SWIFT_ACTIVE_COMPILATION_CONDITIONS = DEBUG;
				SWIFT_OPTIMIZATION_LEVEL = "-Onone";
			};
			name = Debug;
		};
		C9AD69EE2A21A0C100F727F2 /* Release */ = {
			isa = XCBuildConfiguration;
			buildSettings = {
				ALWAYS_SEARCH_USER_PATHS = NO;
				CLANG_ANALYZER_NONNULL = YES;
				CLANG_ANALYZER_NUMBER_OBJECT_CONVERSION = YES_AGGRESSIVE;
				CLANG_CXX_LANGUAGE_STANDARD = "gnu++20";
				CLANG_ENABLE_MODULES = YES;
				CLANG_ENABLE_OBJC_ARC = YES;
				CLANG_ENABLE_OBJC_WEAK = YES;
				CLANG_WARN_BLOCK_CAPTURE_AUTORELEASING = YES;
				CLANG_WARN_BOOL_CONVERSION = YES;
				CLANG_WARN_COMMA = YES;
				CLANG_WARN_CONSTANT_CONVERSION = YES;
				CLANG_WARN_DEPRECATED_OBJC_IMPLEMENTATIONS = YES;
				CLANG_WARN_DIRECT_OBJC_ISA_USAGE = YES_ERROR;
				CLANG_WARN_DOCUMENTATION_COMMENTS = YES;
				CLANG_WARN_EMPTY_BODY = YES;
				CLANG_WARN_ENUM_CONVERSION = YES;
				CLANG_WARN_INFINITE_RECURSION = YES;
				CLANG_WARN_INT_CONVERSION = YES;
				CLANG_WARN_NON_LITERAL_NULL_CONVERSION = YES;
				CLANG_WARN_OBJC_IMPLICIT_RETAIN_SELF = YES;
				CLANG_WARN_OBJC_LITERAL_CONVERSION = YES;
				CLANG_WARN_OBJC_ROOT_CLASS = YES_ERROR;
				CLANG_WARN_QUOTED_INCLUDE_IN_FRAMEWORK_HEADER = YES;
				CLANG_WARN_RANGE_LOOP_ANALYSIS = YES;
				CLANG_WARN_STRICT_PROTOTYPES = YES;
				CLANG_WARN_SUSPICIOUS_MOVE = YES;
				CLANG_WARN_UNGUARDED_AVAILABILITY = YES_AGGRESSIVE;
				CLANG_WARN_UNREACHABLE_CODE = YES;
				CLANG_WARN__DUPLICATE_METHOD_MATCH = YES;
				COPY_PHASE_STRIP = NO;
				DEBUG_INFORMATION_FORMAT = "dwarf-with-dsym";
				ENABLE_NS_ASSERTIONS = NO;
				ENABLE_STRICT_OBJC_MSGSEND = YES;
				GCC_C_LANGUAGE_STANDARD = gnu11;
				GCC_NO_COMMON_BLOCKS = YES;
				GCC_WARN_64_TO_32_BIT_CONVERSION = YES;
				GCC_WARN_ABOUT_RETURN_TYPE = YES_ERROR;
				GCC_WARN_UNDECLARED_SELECTOR = YES;
				GCC_WARN_UNINITIALIZED_AUTOS = YES_AGGRESSIVE;
				GCC_WARN_UNUSED_FUNCTION = YES;
				GCC_WARN_UNUSED_VARIABLE = YES;
				IPHONEOS_DEPLOYMENT_TARGET = 16.0;
				MTL_ENABLE_DEBUG_INFO = NO;
				MTL_FAST_MATH = YES;
				SDKROOT = iphoneos;
				SWIFT_COMPILATION_MODE = wholemodule;
				SWIFT_OPTIMIZATION_LEVEL = "-O";
				VALIDATE_PRODUCT = YES;
			};
			name = Release;
		};
		C9AD69F02A21A0C100F727F2 /* Debug */ = {
			isa = XCBuildConfiguration;
			buildSettings = {
				ASSETCATALOG_COMPILER_APPICON_NAME = AppIcon;
				ASSETCATALOG_COMPILER_GLOBAL_ACCENT_COLOR_NAME = AccentColor;
				CODE_SIGN_STYLE = Automatic;
				CURRENT_PROJECT_VERSION = 1;
				DEVELOPMENT_ASSET_PATHS = "\"Sharegram/Preview Content\"";
				DEVELOPMENT_TEAM = 76WUJ9PUX7;
				ENABLE_PREVIEWS = YES;
				GENERATE_INFOPLIST_FILE = YES;
				INFOPLIST_FILE = Sharegram/Info.plist;
				INFOPLIST_KEY_UIApplicationSceneManifest_Generation = YES;
				INFOPLIST_KEY_UIApplicationSupportsIndirectInputEvents = YES;
				INFOPLIST_KEY_UILaunchScreen_Generation = YES;
				INFOPLIST_KEY_UISupportedInterfaceOrientations_iPad = "UIInterfaceOrientationPortrait UIInterfaceOrientationPortraitUpsideDown UIInterfaceOrientationLandscapeLeft UIInterfaceOrientationLandscapeRight";
				INFOPLIST_KEY_UISupportedInterfaceOrientations_iPhone = "UIInterfaceOrientationPortrait UIInterfaceOrientationLandscapeLeft UIInterfaceOrientationLandscapeRight";
				IPHONEOS_DEPLOYMENT_TARGET = 16.0;
				LD_RUNPATH_SEARCH_PATHS = (
					"$(inherited)",
					"@executable_path/Frameworks",
				);
				MARKETING_VERSION = 1.0;
				PRODUCT_BUNDLE_IDENTIFIER = samples.projects.swiftUI.Sharegram;
				PRODUCT_NAME = "$(TARGET_NAME)";
				SWIFT_EMIT_LOC_STRINGS = YES;
				SWIFT_VERSION = 5.0;
				TARGETED_DEVICE_FAMILY = "1,2";
			};
			name = Debug;
		};
		C9AD69F12A21A0C100F727F2 /* Release */ = {
			isa = XCBuildConfiguration;
			buildSettings = {
				ASSETCATALOG_COMPILER_APPICON_NAME = AppIcon;
				ASSETCATALOG_COMPILER_GLOBAL_ACCENT_COLOR_NAME = AccentColor;
				CODE_SIGN_STYLE = Automatic;
				CURRENT_PROJECT_VERSION = 1;
				DEVELOPMENT_ASSET_PATHS = "\"Sharegram/Preview Content\"";
				DEVELOPMENT_TEAM = 76WUJ9PUX7;
				ENABLE_PREVIEWS = YES;
				GENERATE_INFOPLIST_FILE = YES;
				INFOPLIST_FILE = Sharegram/Info.plist;
				INFOPLIST_KEY_UIApplicationSceneManifest_Generation = YES;
				INFOPLIST_KEY_UIApplicationSupportsIndirectInputEvents = YES;
				INFOPLIST_KEY_UILaunchScreen_Generation = YES;
				INFOPLIST_KEY_UISupportedInterfaceOrientations_iPad = "UIInterfaceOrientationPortrait UIInterfaceOrientationPortraitUpsideDown UIInterfaceOrientationLandscapeLeft UIInterfaceOrientationLandscapeRight";
				INFOPLIST_KEY_UISupportedInterfaceOrientations_iPhone = "UIInterfaceOrientationPortrait UIInterfaceOrientationLandscapeLeft UIInterfaceOrientationLandscapeRight";
				IPHONEOS_DEPLOYMENT_TARGET = 16.0;
				LD_RUNPATH_SEARCH_PATHS = (
					"$(inherited)",
					"@executable_path/Frameworks",
				);
				MARKETING_VERSION = 1.0;
				PRODUCT_BUNDLE_IDENTIFIER = samples.projects.swiftUI.Sharegram;
				PRODUCT_NAME = "$(TARGET_NAME)";
				SWIFT_EMIT_LOC_STRINGS = YES;
				SWIFT_VERSION = 5.0;
				TARGETED_DEVICE_FAMILY = "1,2";
			};
			name = Release;
		};
		C9AD69F32A21A0C100F727F2 /* Debug */ = {
			isa = XCBuildConfiguration;
			buildSettings = {
				ALWAYS_EMBED_SWIFT_STANDARD_LIBRARIES = YES;
				BUNDLE_LOADER = "$(TEST_HOST)";
				CODE_SIGN_STYLE = Automatic;
				CURRENT_PROJECT_VERSION = 1;
				DEVELOPMENT_TEAM = 76WUJ9PUX7;
				GENERATE_INFOPLIST_FILE = YES;
				IPHONEOS_DEPLOYMENT_TARGET = 16.4;
				MARKETING_VERSION = 1.0;
				PRODUCT_BUNDLE_IDENTIFIER = samples.projects.swiftUI.SharegramTests;
				PRODUCT_NAME = "$(TARGET_NAME)";
				SWIFT_EMIT_LOC_STRINGS = NO;
				SWIFT_VERSION = 5.0;
				TARGETED_DEVICE_FAMILY = "1,2";
				TEST_HOST = "$(BUILT_PRODUCTS_DIR)/Sharegram.app/$(BUNDLE_EXECUTABLE_FOLDER_PATH)/Sharegram";
			};
			name = Debug;
		};
		C9AD69F42A21A0C100F727F2 /* Release */ = {
			isa = XCBuildConfiguration;
			buildSettings = {
				ALWAYS_EMBED_SWIFT_STANDARD_LIBRARIES = YES;
				BUNDLE_LOADER = "$(TEST_HOST)";
				CODE_SIGN_STYLE = Automatic;
				CURRENT_PROJECT_VERSION = 1;
				DEVELOPMENT_TEAM = 76WUJ9PUX7;
				GENERATE_INFOPLIST_FILE = YES;
				IPHONEOS_DEPLOYMENT_TARGET = 16.4;
				MARKETING_VERSION = 1.0;
				PRODUCT_BUNDLE_IDENTIFIER = samples.projects.swiftUI.SharegramTests;
				PRODUCT_NAME = "$(TARGET_NAME)";
				SWIFT_EMIT_LOC_STRINGS = NO;
				SWIFT_VERSION = 5.0;
				TARGETED_DEVICE_FAMILY = "1,2";
				TEST_HOST = "$(BUILT_PRODUCTS_DIR)/Sharegram.app/$(BUNDLE_EXECUTABLE_FOLDER_PATH)/Sharegram";
			};
			name = Release;
		};
		C9AD69F62A21A0C100F727F2 /* Debug */ = {
			isa = XCBuildConfiguration;
			buildSettings = {
				ALWAYS_EMBED_SWIFT_STANDARD_LIBRARIES = YES;
				CODE_SIGN_STYLE = Automatic;
				CURRENT_PROJECT_VERSION = 1;
				DEVELOPMENT_TEAM = 76WUJ9PUX7;
				GENERATE_INFOPLIST_FILE = YES;
				MARKETING_VERSION = 1.0;
				PRODUCT_BUNDLE_IDENTIFIER = samples.projects.swiftUI.SharegramUITests;
				PRODUCT_NAME = "$(TARGET_NAME)";
				SWIFT_EMIT_LOC_STRINGS = NO;
				SWIFT_VERSION = 5.0;
				TARGETED_DEVICE_FAMILY = "1,2";
				TEST_TARGET_NAME = Sharegram;
			};
			name = Debug;
		};
		C9AD69F72A21A0C100F727F2 /* Release */ = {
			isa = XCBuildConfiguration;
			buildSettings = {
				ALWAYS_EMBED_SWIFT_STANDARD_LIBRARIES = YES;
				CODE_SIGN_STYLE = Automatic;
				CURRENT_PROJECT_VERSION = 1;
				DEVELOPMENT_TEAM = 76WUJ9PUX7;
				GENERATE_INFOPLIST_FILE = YES;
				MARKETING_VERSION = 1.0;
				PRODUCT_BUNDLE_IDENTIFIER = samples.projects.swiftUI.SharegramUITests;
				PRODUCT_NAME = "$(TARGET_NAME)";
				SWIFT_EMIT_LOC_STRINGS = NO;
				SWIFT_VERSION = 5.0;
				TARGETED_DEVICE_FAMILY = "1,2";
				TEST_TARGET_NAME = Sharegram;
			};
			name = Release;
		};
/* End XCBuildConfiguration section */

/* Begin XCConfigurationList section */
		C9AD69C02A21A0BF00F727F2 /* Build configuration list for PBXProject "Sharegram" */ = {
			isa = XCConfigurationList;
			buildConfigurations = (
				C9AD69ED2A21A0C100F727F2 /* Debug */,
				C9AD69EE2A21A0C100F727F2 /* Release */,
			);
			defaultConfigurationIsVisible = 0;
			defaultConfigurationName = Release;
		};
		C9AD69EF2A21A0C100F727F2 /* Build configuration list for PBXNativeTarget "Sharegram" */ = {
			isa = XCConfigurationList;
			buildConfigurations = (
				C9AD69F02A21A0C100F727F2 /* Debug */,
				C9AD69F12A21A0C100F727F2 /* Release */,
			);
			defaultConfigurationIsVisible = 0;
			defaultConfigurationName = Release;
		};
		C9AD69F22A21A0C100F727F2 /* Build configuration list for PBXNativeTarget "SharegramTests" */ = {
			isa = XCConfigurationList;
			buildConfigurations = (
				C9AD69F32A21A0C100F727F2 /* Debug */,
				C9AD69F42A21A0C100F727F2 /* Release */,
			);
			defaultConfigurationIsVisible = 0;
			defaultConfigurationName = Release;
		};
		C9AD69F52A21A0C100F727F2 /* Build configuration list for PBXNativeTarget "SharegramUITests" */ = {
			isa = XCConfigurationList;
			buildConfigurations = (
				C9AD69F62A21A0C100F727F2 /* Debug */,
				C9AD69F72A21A0C100F727F2 /* Release */,
			);
			defaultConfigurationIsVisible = 0;
			defaultConfigurationName = Release;
		};
/* End XCConfigurationList section */

/* Begin XCRemoteSwiftPackageReference section */
		C9D9731D2A7AAE240013EB4A /* XCRemoteSwiftPackageReference "firebase-ios-sdk" */ = {
			isa = XCRemoteSwiftPackageReference;
			repositoryURL = "https://github.com/firebase/firebase-ios-sdk";
			requirement = {
				kind = upToNextMajorVersion;
				minimumVersion = 10.0.0;
			};
		};
/* End XCRemoteSwiftPackageReference section */

/* Begin XCSwiftPackageProductDependency section */
		C9D9731E2A7AAE240013EB4A /* FirebaseAuth */ = {
			isa = XCSwiftPackageProductDependency;
			package = C9D9731D2A7AAE240013EB4A /* XCRemoteSwiftPackageReference "firebase-ios-sdk" */;
			productName = FirebaseAuth;
		};
		C9D973202A7AAE240013EB4A /* FirebaseFirestore */ = {
			isa = XCSwiftPackageProductDependency;
			package = C9D9731D2A7AAE240013EB4A /* XCRemoteSwiftPackageReference "firebase-ios-sdk" */;
			productName = FirebaseFirestore;
		};
		C9D973222A7AAE240013EB4A /* FirebaseFirestoreSwift */ = {
			isa = XCSwiftPackageProductDependency;
			package = C9D9731D2A7AAE240013EB4A /* XCRemoteSwiftPackageReference "firebase-ios-sdk" */;
			productName = FirebaseFirestoreSwift;
		};
		C9D973242A7AAE240013EB4A /* FirebaseStorage */ = {
			isa = XCSwiftPackageProductDependency;
			package = C9D9731D2A7AAE240013EB4A /* XCRemoteSwiftPackageReference "firebase-ios-sdk" */;
			productName = FirebaseStorage;
		};
/* End XCSwiftPackageProductDependency section */
	};
	rootObject = C9AD69BD2A21A0BF00F727F2 /* Project object */;
}
